
Microsoft Visual Studio Solution File, Format Version 11.00
# Visual Studio 2010
Project("{2150E333-8FDC-42A3-9474-1A3956D46DE8}") = "Web", "Web", "{A108F74F-34B4-4422-9807-F4A022BA761F}"
EndProject
Project("{2150E333-8FDC-42A3-9474-1A3956D46DE8}") = "Core", "Core", "{24062B36-D110-48A3-B710-94E6FBE822C0}"
EndProject
Project("{F184B08F-C81C-45F6-A57F-5ABD9991F28F}") = "Web", "Web\Web.vbproj", "{501D3BFF-ABCE-447B-8B98-5C9AEC9CD43B}"
EndProject
Project("{F184B08F-C81C-45F6-A57F-5ABD9991F28F}") = "Core", "Core\Core.vbproj", "{CCAABEBB-36A8-40F7-B0CB-FBC1556699EC}"
EndProject
Project("{F184B08F-C81C-45F6-A57F-5ABD9991F28F}") = "Services", "Services\Services.vbproj", "{4B618045-9D6F-49B1-A0FE-DA03EBF2E7F2}"
EndProject
Project("{F184B08F-C81C-45F6-A57F-5ABD9991F28F}") = "RottenTomatoeAPI", "..\RottenTomatoeAPI\RottenTomatoeAPI.vbproj", "{BC2B7999-B12C-4244-8158-8BC2304CE92B}"
EndProject
Project("{F184B08F-C81C-45F6-A57F-5ABD9991F28F}") = "Data", "Data\Data.vbproj", "{3F84C1DF-787E-4050-AB7C-954C90775E2E}"
EndProject
Project("{2150E333-8FDC-42A3-9474-1A3956D46DE8}") = "ExternalAPIs", "ExternalAPIs", "{6681D1A5-9DE3-4EBA-A23F-6FF58D0BF5FF}"
EndProject
Project("{F184B08F-C81C-45F6-A57F-5ABD9991F28F}") = "NetFlixAPI", "NetFlixAPI\NetFlixAPI.vbproj", "{7551F098-0E00-467C-8EB9-1A1F28275FB2}"
EndProject
Project("{F184B08F-C81C-45F6-A57F-5ABD9991F28F}") = "RSSGenerator", "..\RSSGenerator\RSSGenerator.vbproj", "{F7755897-4AAF-4716-9597-09FDDFC8E499}"
EndProject
Project("{2150E333-8FDC-42A3-9474-1A3956D46DE8}") = "packages", "packages", "{888C9DF5-033B-4786-9E21-B14155309524}"
EndProject
Global
	GlobalSection(TeamFoundationVersionControl) = preSolution
		SccNumberOfProjects = 8
		SccEnterpriseProvider = {4CA58AB2-18FA-4F8D-95D4-32DDF27D184C}
		SccTeamFoundationServer = https://rpgcor.tfspreview.com/defaultcollection
		SccLocalPath0 = .
		SccProjectUniqueName1 = Core\\Core.vbproj
		SccProjectTopLevelParentUniqueName1 = MyMovieManager.sln
		SccProjectName1 = Core
		SccLocalPath1 = Core
		SccProjectUniqueName2 = Data\\Data.vbproj
		SccProjectTopLevelParentUniqueName2 = MyMovieManager.sln
		SccProjectName2 = Data
		SccLocalPath2 = Data
		SccProjectUniqueName3 = NetFlixAPI\\NetFlixAPI.vbproj
		SccProjectTopLevelParentUniqueName3 = MyMovieManager.sln
		SccProjectName3 = NetFlixAPI
		SccLocalPath3 = NetFlixAPI
		SccProjectUniqueName4 = Services\\Services.vbproj
		SccProjectTopLevelParentUniqueName4 = MyMovieManager.sln
		SccProjectName4 = Services
		SccLocalPath4 = Services
		SccProjectUniqueName5 = Web\\Web.vbproj
		SccProjectTopLevelParentUniqueName5 = MyMovieManager.sln
		SccProjectName5 = Web
		SccLocalPath5 = Web
		SccProjectUniqueName6 = ..\\RottenTomatoeAPI\\RottenTomatoeAPI.vbproj
		SccProjectTopLevelParentUniqueName6 = MyMovieManager.sln
		SccProjectName6 = ../RottenTomatoeAPI
		SccLocalPath6 = ..\\RottenTomatoeAPI
		SccProjectUniqueName7 = ..\\RSSGenerator\\RSSGenerator.vbproj
		SccProjectTopLevelParentUniqueName7 = MyMovieManager.sln
		SccProjectName7 = ../RSSGenerator
		SccLocalPath7 = ..\\RSSGenerator
	EndGlobalSection
	GlobalSection(SolutionConfigurationPlatforms) = preSolution
		Debug|Any CPU = Debug|Any CPU
		Release|Any CPU = Release|Any CPU
	EndGlobalSection
	GlobalSection(ProjectConfigurationPlatforms) = postSolution
		{501D3BFF-ABCE-447B-8B98-5C9AEC9CD43B}.Debug|Any CPU.ActiveCfg = Debug|Any CPU
		{501D3BFF-ABCE-447B-8B98-5C9AEC9CD43B}.Debug|Any CPU.Build.0 = Debug|Any CPU
		{501D3BFF-ABCE-447B-8B98-5C9AEC9CD43B}.Release|Any CPU.ActiveCfg = Release|Any CPU
		{501D3BFF-ABCE-447B-8B98-5C9AEC9CD43B}.Release|Any CPU.Build.0 = Release|Any CPU
		{CCAABEBB-36A8-40F7-B0CB-FBC1556699EC}.Debug|Any CPU.ActiveCfg = Debug|Any CPU
		{CCAABEBB-36A8-40F7-B0CB-FBC1556699EC}.Debug|Any CPU.Build.0 = Debug|Any CPU
		{CCAABEBB-36A8-40F7-B0CB-FBC1556699EC}.Release|Any CPU.ActiveCfg = NewDebug|Any CPU
		{CCAABEBB-36A8-40F7-B0CB-FBC1556699EC}.Release|Any CPU.Build.0 = NewDebug|Any CPU
		{4B618045-9D6F-49B1-A0FE-DA03EBF2E7F2}.Debug|Any CPU.ActiveCfg = Debug|Any CPU
		{4B618045-9D6F-49B1-A0FE-DA03EBF2E7F2}.Debug|Any CPU.Build.0 = Debug|Any CPU
		{4B618045-9D6F-49B1-A0FE-DA03EBF2E7F2}.Release|Any CPU.ActiveCfg = NewDebug|Any CPU
		{4B618045-9D6F-49B1-A0FE-DA03EBF2E7F2}.Release|Any CPU.Build.0 = NewDebug|Any CPU
		{BC2B7999-B12C-4244-8158-8BC2304CE92B}.Debug|Any CPU.ActiveCfg = Debug|Any CPU
		{BC2B7999-B12C-4244-8158-8BC2304CE92B}.Debug|Any CPU.Build.0 = Debug|Any CPU
		{BC2B7999-B12C-4244-8158-8BC2304CE92B}.Release|Any CPU.ActiveCfg = NewDebug|Any CPU
		{BC2B7999-B12C-4244-8158-8BC2304CE92B}.Release|Any CPU.Build.0 = NewDebug|Any CPU
		{3F84C1DF-787E-4050-AB7C-954C90775E2E}.Debug|Any CPU.ActiveCfg = Debug|Any CPU
		{3F84C1DF-787E-4050-AB7C-954C90775E2E}.Debug|Any CPU.Build.0 = Debug|Any CPU
		{3F84C1DF-787E-4050-AB7C-954C90775E2E}.Release|Any CPU.ActiveCfg = NewDebug|Any CPU
		{3F84C1DF-787E-4050-AB7C-954C90775E2E}.Release|Any CPU.Build.0 = NewDebug|Any CPU
		{7551F098-0E00-467C-8EB9-1A1F28275FB2}.Debug|Any CPU.ActiveCfg = Debug|Any CPU
		{7551F098-0E00-467C-8EB9-1A1F28275FB2}.Debug|Any CPU.Build.0 = Debug|Any CPU
		{7551F098-0E00-467C-8EB9-1A1F28275FB2}.Release|Any CPU.ActiveCfg = NewDebug|Any CPU
		{7551F098-0E00-467C-8EB9-1A1F28275FB2}.Release|Any CPU.Build.0 = NewDebug|Any CPU
		{F7755897-4AAF-4716-9597-09FDDFC8E499}.Debug|Any CPU.ActiveCfg = Debug|Any CPU
		{F7755897-4AAF-4716-9597-09FDDFC8E499}.Debug|Any CPU.Build.0 = Debug|Any CPU
		{F7755897-4AAF-4716-9597-09FDDFC8E499}.Release|Any CPU.ActiveCfg = NewDebug|Any CPU
		{F7755897-4AAF-4716-9597-09FDDFC8E499}.Release|Any CPU.Build.0 = NewDebug|Any CPU
	EndGlobalSection
	GlobalSection(SolutionProperties) = preSolution
		HideSolutionNode = FALSE
	EndGlobalSection
	GlobalSection(NestedProjects) = preSolution
		{501D3BFF-ABCE-447B-8B98-5C9AEC9CD43B} = {A108F74F-34B4-4422-9807-F4A022BA761F}
		{CCAABEBB-36A8-40F7-B0CB-FBC1556699EC} = {24062B36-D110-48A3-B710-94E6FBE822C0}
		{4B618045-9D6F-49B1-A0FE-DA03EBF2E7F2} = {24062B36-D110-48A3-B710-94E6FBE822C0}
		{3F84C1DF-787E-4050-AB7C-954C90775E2E} = {24062B36-D110-48A3-B710-94E6FBE822C0}
		{BC2B7999-B12C-4244-8158-8BC2304CE92B} = {6681D1A5-9DE3-4EBA-A23F-6FF58D0BF5FF}
		{7551F098-0E00-467C-8EB9-1A1F28275FB2} = {6681D1A5-9DE3-4EBA-A23F-6FF58D0BF5FF}
		{F7755897-4AAF-4716-9597-09FDDFC8E499} = {6681D1A5-9DE3-4EBA-A23F-6FF58D0BF5FF}
	EndGlobalSection
EndGlobal
